
Microsoft Visual Studio Solution File, Format Version 12.00
# Visual Studio Version 17
VisualStudioVersion = 17.0.31903.59
MinimumVisualStudioVersion = 10.0.40219.1
Project("{9A19103F-16F7-4668-BE54-9A1E7A4F7556}") = "CleanArch.Api", "source\CleanArch.Api\CleanArch.Api.csproj", "{A28DA8CA-26C9-47BE-A8C3-0B3E50AAAF90}"
EndProject
Project("{9A19103F-16F7-4668-BE54-9A1E7A4F7556}") = "CleanArch.Application", "source\CleanArch.Application\CleanArch.Application.csproj", "{96FAEAAF-A15F-497B-A4FE-261E64CD72EE}"
EndProject
Project("{9A19103F-16F7-4668-BE54-9A1E7A4F7556}") = "CleanArch.CrossCutting", "source\CleanArch.CrossCutting\CleanArch.CrossCutting.csproj", "{122BBB1F-4BA1-42E0-9749-FD21115449C4}"
EndProject
Project("{9A19103F-16F7-4668-BE54-9A1E7A4F7556}") = "CleanArch.Domain", "source\CleanArch.Domain\CleanArch.Domain.csproj", "{17564E8C-1A98-460A-8655-1BE483201C92}"
EndProject
Project("{9A19103F-16F7-4668-BE54-9A1E7A4F7556}") = "CleanArch.Infrastructure", "source\CleanArch.Infrastructure\CleanArch.Infrastructure.csproj", "{3ABEC778-021E-4EE9-A96A-F86F9DD49C21}"
EndProject
Project("{2150E333-8FDC-42A3-9474-1A3956D46DE8}") = "Solution Items", "Solution Items", "{5FC18B21-A32A-4AFE-8380-8A014ECA195F}"
	ProjectSection(SolutionItems) = preProject
		.editorconfig = .editorconfig
	EndProjectSection
EndProject
Global
	GlobalSection(SolutionConfigurationPlatforms) = preSolution
		Debug|Any CPU = Debug|Any CPU
		Release|Any CPU = Release|Any CPU
	EndGlobalSection
	GlobalSection(ProjectConfigurationPlatforms) = postSolution
		{A28DA8CA-26C9-47BE-A8C3-0B3E50AAAF90}.Debug|Any CPU.ActiveCfg = Debug|Any CPU
		{A28DA8CA-26C9-47BE-A8C3-0B3E50AAAF90}.Debug|Any CPU.Build.0 = Debug|Any CPU
		{A28DA8CA-26C9-47BE-A8C3-0B3E50AAAF90}.Release|Any CPU.ActiveCfg = Release|Any CPU
		{A28DA8CA-26C9-47BE-A8C3-0B3E50AAAF90}.Release|Any CPU.Build.0 = Release|Any CPU
		{96FAEAAF-A15F-497B-A4FE-261E64CD72EE}.Debug|Any CPU.ActiveCfg = Debug|Any CPU
		{96FAEAAF-A15F-497B-A4FE-261E64CD72EE}.Debug|Any CPU.Build.0 = Debug|Any CPU
		{96FAEAAF-A15F-497B-A4FE-261E64CD72EE}.Release|Any CPU.ActiveCfg = Release|Any CPU
		{96FAEAAF-A15F-497B-A4FE-261E64CD72EE}.Release|Any CPU.Build.0 = Release|Any CPU
		{122BBB1F-4BA1-42E0-9749-FD21115449C4}.Debug|Any CPU.ActiveCfg = Debug|Any CPU
		{122BBB1F-4BA1-42E0-9749-FD21115449C4}.Debug|Any CPU.Build.0 = Debug|Any CPU
		{122BBB1F-4BA1-42E0-9749-FD21115449C4}.Release|Any CPU.ActiveCfg = Release|Any CPU
		{122BBB1F-4BA1-42E0-9749-FD21115449C4}.Release|Any CPU.Build.0 = Release|Any CPU
		{17564E8C-1A98-460A-8655-1BE483201C92}.Debug|Any CPU.ActiveCfg = Debug|Any CPU
		{17564E8C-1A98-460A-8655-1BE483201C92}.Debug|Any CPU.Build.0 = Debug|Any CPU
		{17564E8C-1A98-460A-8655-1BE483201C92}.Release|Any CPU.ActiveCfg = Release|Any CPU
		{17564E8C-1A98-460A-8655-1BE483201C92}.Release|Any CPU.Build.0 = Release|Any CPU
		{3ABEC778-021E-4EE9-A96A-F86F9DD49C21}.Debug|Any CPU.ActiveCfg = Debug|Any CPU
		{3ABEC778-021E-4EE9-A96A-F86F9DD49C21}.Debug|Any CPU.Build.0 = Debug|Any CPU
		{3ABEC778-021E-4EE9-A96A-F86F9DD49C21}.Release|Any CPU.ActiveCfg = Release|Any CPU
		{3ABEC778-021E-4EE9-A96A-F86F9DD49C21}.Release|Any CPU.Build.0 = Release|Any CPU
	EndGlobalSection
	GlobalSection(SolutionProperties) = preSolution
		HideSolutionNode = FALSE
	EndGlobalSection
	GlobalSection(ExtensibilityGlobals) = postSolution
		SolutionGuid = {091D408C-C5FC-4D7F-AB21-71D82B6F85D9}
	EndGlobalSection
EndGlobal
